
Microsoft Visual Studio Solution File, Format Version 12.00
# Visual Studio Version 17
VisualStudioVersion = 17.14.36414.22 d17.14
MinimumVisualStudioVersion = 10.0.40219.1
Project("{FAE04EC0-301F-11D3-BF4B-00C04F79EFBC}") = "IT-Support", "IT-Support\IT-Support.csproj", "{9E55B67F-13D8-4255-B45E-4C804C75F8BF}"
EndProject
Global
	GlobalSection(SolutionConfigurationPlatforms) = preSolution
		Debug|Any CPU = Debug|Any CPU
		Release|Any CPU = Release|Any CPU
	EndGlobalSection
	GlobalSection(ProjectConfigurationPlatforms) = postSolution
		{9E55B67F-13D8-4255-B45E-4C804C75F8BF}.Debug|Any CPU.ActiveCfg = Debug|Any CPU
		{9E55B67F-13D8-4255-B45E-4C804C75F8BF}.Debug|Any CPU.Build.0 = Debug|Any CPU
		{9E55B67F-13D8-4255-B45E-4C804C75F8BF}.Release|Any CPU.ActiveCfg = Release|Any CPU
		{9E55B67F-13D8-4255-B45E-4C804C75F8BF}.Release|Any CPU.Build.0 = Release|Any CPU
	EndGlobalSection
	GlobalSection(SolutionProperties) = preSolution
		HideSolutionNode = FALSE
	EndGlobalSection
	GlobalSection(ExtensibilityGlobals) = postSolution
		SolutionGuid = {F15A6017-BEAE-4D74-BE40-FF24E245567C}
	EndGlobalSection
EndGlobal
